
Microsoft Visual Studio Solution File, Format Version 12.00
# Visual Studio Version 17
VisualStudioVersion = 17.14.36301.6 d17.14
MinimumVisualStudioVersion = 10.0.40219.1
Project("{FAE04EC0-301F-11D3-BF4B-00C04F79EFBC}") = "TimesheetApp.Web", "TimesheetApp.Web\TimesheetApp.Web.csproj", "{0C6A2E24-1907-4B4B-802A-1F1E682CA4C4}"
EndProject
Global
	GlobalSection(SolutionConfigurationPlatforms) = preSolution
		Debug|Any CPU = Debug|Any CPU
		Release|Any CPU = Release|Any CPU
	EndGlobalSection
	GlobalSection(ProjectConfigurationPlatforms) = postSolution
		{0C6A2E24-1907-4B4B-802A-1F1E682CA4C4}.Debug|Any CPU.ActiveCfg = Debug|Any CPU
		{0C6A2E24-1907-4B4B-802A-1F1E682CA4C4}.Debug|Any CPU.Build.0 = Debug|Any CPU
		{0C6A2E24-1907-4B4B-802A-1F1E682CA4C4}.Release|Any CPU.ActiveCfg = Release|Any CPU
		{0C6A2E24-1907-4B4B-802A-1F1E682CA4C4}.Release|Any CPU.Build.0 = Release|Any CPU
	EndGlobalSection
	GlobalSection(SolutionProperties) = preSolution
		HideSolutionNode = FALSE
	EndGlobalSection
	GlobalSection(ExtensibilityGlobals) = postSolution
		SolutionGuid = {79800E89-5FD1-4F84-90A4-870AC2D788B9}
	EndGlobalSection
EndGlobal
